
Microsoft Visual Studio Solution File, Format Version 12.00
# Visual Studio Version 16
VisualStudioVersion = 16.0.30717.126
MinimumVisualStudioVersion = 10.0.40219.1
Project("{FAE04EC0-301F-11D3-BF4B-00C04F79EFBC}") = "PhotoStudio", "PhotoStudio.csproj", "{CE512D8F-CA52-42AA-A6A4-D1898A560088}"
EndProject
Global
	GlobalSection(SolutionConfigurationPlatforms) = preSolution
		Debug|Any CPU = Debug|Any CPU
		Release|Any CPU = Release|Any CPU
	EndGlobalSection
	GlobalSection(ProjectConfigurationPlatforms) = postSolution
		{CE512D8F-CA52-42AA-A6A4-D1898A560088}.Debug|Any CPU.ActiveCfg = Debug|Any CPU
		{CE512D8F-CA52-42AA-A6A4-D1898A560088}.Debug|Any CPU.Build.0 = Debug|Any CPU
		{CE512D8F-CA52-42AA-A6A4-D1898A560088}.Release|Any CPU.ActiveCfg = Release|Any CPU
		{CE512D8F-CA52-42AA-A6A4-D1898A560088}.Release|Any CPU.Build.0 = Release|Any CPU
	EndGlobalSection
	GlobalSection(SolutionProperties) = preSolution
		HideSolutionNode = FALSE
	EndGlobalSection
	GlobalSection(ExtensibilityGlobals) = postSolution
		SolutionGuid = {4EFF9DAD-DA02-4087-8243-9D979F8C7CEA}
	EndGlobalSection
EndGlobal
